Microsoft Visual Studio Solution File, Format Version 12.00
# Visual Studio Version 17
VisualStudioVersion = 17.5.2.0
MinimumVisualStudioVersion = 10.0.40219.1
Project("{FAE04EC0-301F-11D3-BF4B-00C04F79EFBC}") = "CAO.Client", "CAO.Client.csproj", "{FCF7D9AA-45E4-BC96-CD53-3FE8193B7558}"
EndProject
Global
	GlobalSection(SolutionConfigurationPlatforms) = preSolution
		Debug|Any CPU = Debug|Any CPU
		Release|Any CPU = Release|Any CPU
	EndGlobalSection
	GlobalSection(ProjectConfigurationPlatforms) = postSolution
		{FCF7D9AA-45E4-BC96-CD53-3FE8193B7558}.Debug|Any CPU.ActiveCfg = Debug|Any CPU
		{FCF7D9AA-45E4-BC96-CD53-3FE8193B7558}.Debug|Any CPU.Build.0 = Debug|Any CPU
		{FCF7D9AA-45E4-BC96-CD53-3FE8193B7558}.Release|Any CPU.ActiveCfg = Release|Any CPU
		{FCF7D9AA-45E4-BC96-CD53-3FE8193B7558}.Release|Any CPU.Build.0 = Release|Any CPU
	EndGlobalSection
	GlobalSection(SolutionProperties) = preSolution
		HideSolutionNode = FALSE
	EndGlobalSection
	GlobalSection(ExtensibilityGlobals) = postSolution
		SolutionGuid = {6F7B8653-D813-4292-A79B-F587526B5E2E}
	EndGlobalSection
EndGlobal
